{
  "name": "@taceo/proof-client-browser",
  "version": "0.0.0",
  "lockfileVersion": 3,
  "requires": true,
  "packages": {
    "": {
      "name": "@taceo/proof-client-browser",
      "version": "0.0.0",
      "license": "MIT",
      "dependencies": {
        "@taceo/proof-api-client": "^0.0.0"
      },
      "devDependencies": {
        "@types/node": "^22.9.0",
        "typescript": "^5.6.3"
      }
    },
    " ./pkg": {
      "extraneous": true
    },
    "../taceo-proof-api-client": {
      "name": "@taceo/proof-api-client",
      "version": "0.0.0",
      "devDependencies": {
        "typescript": "^4.0 || ^5.0"
      }
    },
    "../taceo-proof-wasm/pkg": {
      "name": "@taceo/proof-wasm-browser",
      "version": "0.0.0",
      "extraneous": true,
      "license": "MIT OR Apache-2.0"
    },
    "node_modules/@taceo/proof-api-client": {
      "resolved": "../taceo-proof-api-client",
      "link": true
    },
    "node_modules/@types/node": {
      "version": "22.15.3",
      "dev": true,
      "license": "MIT",
      "dependencies": {
        "undici-types": "~6.21.0"
      }
    },
    "node_modules/typescript": {
      "version": "5.8.3",
      "dev": true,
      "license": "Apache-2.0",
      "bin": {
        "tsc": "bin/tsc",
        "tsserver": "bin/tsserver"
      },
      "engines": {
        "node": ">=14.17"
      }
    },
    "node_modules/undici-types": {
      "version": "6.21.0",
      "dev": true,
      "license": "MIT"
    }
  }
}
